{
  "name": "@midlajc/proxc",
  "version": "1.0.0",
  "lockfileVersion": 3,
  "requires": true,
  "packages": {
    "": {
      "name": "@midlajc/proxc",
      "version": "1.0.0",
      "license": "MIT",
      "bin": {
        "proxc": "bin/proxc.js"
      },
      "engines": {
        "node": ">=18"
      }
    }
  }
}
